// !$*UTF8*$!
{
	archiveVersion = 1;
	classes = {
	};
	objectVersion = 55;
	objects = {

/* Begin PBXBuildFile section */
		445B5E2728B7AE4300C394C9 /* AppDelegate.swift in Sources */ = {isa = PBXBuildFile; fileRef = 445B5E2628B7AE4300C394C9 /* AppDelegate.swift */; };
		445B5E2928B7AE4300C394C9 /* SceneDelegate.swift in Sources */ = {isa = PBXBuildFile; fileRef = 445B5E2828B7AE4300C394C9 /* SceneDelegate.swift */; };
		445B5E2B28B7AE4300C394C9 /* ViewController.swift in Sources */ = {isa = PBXBuildFile; fileRef = 445B5E2A28B7AE4300C394C9 /* ViewController.swift */; };
		445B5E2E28B7AE4300C394C9 /* Main.storyboard in Resources */ = {isa = PBXBuildFile; fileRef = 445B5E2C28B7AE4300C394C9 /* Main.storyboard */; };
		445B5E3028B7AE4400C394C9 /* Assets.xcassets in Resources */ = {isa = PBXBuildFile; fileRef = 445B5E2F28B7AE4400C394C9 /* Assets.xcassets */; };
		445B5E3328B7AE4400C394C9 /* LaunchScreen.storyboard in Resources */ = {isa = PBXBuildFile; fileRef = 445B5E3128B7AE4400C394C9 /* LaunchScreen.storyboard */; };
		445B5E3E28B7AE4400C394C9 /* fetch_iOS_take_home_testTests.swift in Sources */ = {isa = PBXBuildFile; fileRef = 445B5E3D28B7AE4400C394C9 /* fetch_iOS_take_home_testTests.swift */; };
		445B5E4828B7AE4400C394C9 /* fetch_iOS_take_home_testUITests.swift in Sources */ = {isa = PBXBuildFile; fileRef = 445B5E4728B7AE4400C394C9 /* fetch_iOS_take_home_testUITests.swift */; };
		445B5E4A28B7AE4400C394C9 /* fetch_iOS_take_home_testUITestsLaunchTests.swift in Sources */ = {isa = PBXBuildFile; fileRef = 445B5E4928B7AE4400C394C9 /* fetch_iOS_take_home_testUITestsLaunchTests.swift */; };
/* End PBXBuildFile section */

/* Begin PBXContainerItemProxy section */
		445B5E3A28B7AE4400C394C9 /* PBXContainerItemProxy */ = {
			isa = PBXContainerItemProxy;
			containerPortal = 445B5E1B28B7AE4300C394C9 /* Project object */;
			proxyType = 1;
			remoteGlobalIDString = 445B5E2228B7AE4300C394C9;
			remoteInfo = "fetch-iOS-take-home-test";
		};
		445B5E4428B7AE4400C394C9 /* PBXContainerItemProxy */ = {
			isa = PBXContainerItemProxy;
			containerPortal = 445B5E1B28B7AE4300C394C9 /* Project object */;
			proxyType = 1;
			remoteGlobalIDString = 445B5E2228B7AE4300C394C9;
			remoteInfo = "fetch-iOS-take-home-test";
		};
/* End PBXContainerItemProxy section */

/* Begin PBXFileReference section */
		445B5E2328B7AE4300C394C9 /* fetch-iOS-take-home-test.app */ = {isa = PBXFileReference; explicitFileType = wrapper.application; includeInIndex = 0; path = "fetch-iOS-take-home-test.app"; sourceTree = BUILT_PRODUCTS_DIR; };
		445B5E2628B7AE4300C394C9 /* AppDelegate.swift */ = {isa = PBXFileReference; lastKnownFileType = sourcecode.swift; path = AppDelegate.swift; sourceTree = "<group>"; };
		445B5E2828B7AE4300C394C9 /* SceneDelegate.swift */ = {isa = PBXFileReference; lastKnownFileType = sourcecode.swift; path = SceneDelegate.swift; sourceTree = "<group>"; };
		445B5E2A28B7AE4300C394C9 /* ViewController.swift */ = {isa = PBXFileReference; lastKnownFileType = sourcecode.swift; path = ViewController.swift; sourceTree = "<group>"; };
		445B5E2D28B7AE4300C394C9 /* Base */ = {isa = PBXFileReference; lastKnownFileType = file.storyboard; name = Base; path = Base.lproj/Main.storyboard; sourceTree = "<group>"; };
		445B5E2F28B7AE4400C394C9 /* Assets.xcassets */ = {isa = PBXFileReference; lastKnownFileType = folder.assetcatalog; path = Assets.xcassets; sourceTree = "<group>"; };
		445B5E3228B7AE4400C394C9 /* Base */ = {isa = PBXFileReference; lastKnownFileType = file.storyboard; name = Base; path = Base.lproj/LaunchScreen.storyboard; sourceTree = "<group>"; };
		445B5E3428B7AE4400C394C9 /* Info.plist */ = {isa = PBXFileReference; lastKnownFileType = text.plist.xml; path = Info.plist; sourceTree = "<group>"; };
		445B5E3928B7AE4400C394C9 /* fetch-iOS-take-home-testTests.xctest */ = {isa = PBXFileReference; explicitFileType = wrapper.cfbundle; includeInIndex = 0; path = "fetch-iOS-take-home-testTests.xctest"; sourceTree = BUILT_PRODUCTS_DIR; };
		445B5E3D28B7AE4400C394C9 /* fetch_iOS_take_home_testTests.swift */ = {isa = PBXFileReference; lastKnownFileType = sourcecode.swift; path = fetch_iOS_take_home_testTests.swift; sourceTree = "<group>"; };
		445B5E4328B7AE4400C394C9 /* fetch-iOS-take-home-testUITests.xctest */ = {isa = PBXFileReference; explicitFileType = wrapper.cfbundle; includeInIndex = 0; path = "fetch-iOS-take-home-testUITests.xctest"; sourceTree = BUILT_PRODUCTS_DIR; };
		445B5E4728B7AE4400C394C9 /* fetch_iOS_take_home_testUITests.swift */ = {isa = PBXFileReference; lastKnownFileType = sourcecode.swift; path = fetch_iOS_take_home_testUITests.swift; sourceTree = "<group>"; };
		445B5E4928B7AE4400C394C9 /* fetch_iOS_take_home_testUITestsLaunchTests.swift */ = {isa = PBXFileReference; lastKnownFileType = sourcecode.swift; path = fetch_iOS_take_home_testUITestsLaunchTests.swift; sourceTree = "<group>"; };
/* End PBXFileReference section */

/* Begin PBXFrameworksBuildPhase section */
		445B5E2028B7AE4300C394C9 /* Frameworks */ = {
			isa = PBXFrameworksBuildPhase;
			buildActionMask = 2147483647;
			files = (
			);
			runOnlyForDeploymentPostprocessing = 0;
		};
		445B5E3628B7AE4400C394C9 /* Frameworks */ = {
			isa = PBXFrameworksBuildPhase;
			buildActionMask = 2147483647;
			files = (
			);
			runOnlyForDeploymentPostprocessing = 0;
		};
		445B5E4028B7AE4400C394C9 /* Frameworks */ = {
			isa = PBXFrameworksBuildPhase;
			buildActionMask = 2147483647;
			files = (
			);
			runOnlyForDeploymentPostprocessing = 0;
		};
/* End PBXFrameworksBuildPhase section */

/* Begin PBXGroup section */
		445B5E1A28B7AE4300C394C9 = {
			isa = PBXGroup;
			children = (
				445B5E2528B7AE4300C394C9 /* fetch-iOS-take-home-test */,
				445B5E3C28B7AE4400C394C9 /* fetch-iOS-take-home-testTests */,
				445B5E4628B7AE4400C394C9 /* fetch-iOS-take-home-testUITests */,
				445B5E2428B7AE4300C394C9 /* Products */,
			);
			sourceTree = "<group>";
		};
		445B5E2428B7AE4300C394C9 /* Products */ = {
			isa = PBXGroup;
			children = (
				445B5E2328B7AE4300C394C9 /* fetch-iOS-take-home-test.app */,
				445B5E3928B7AE4400C394C9 /* fetch-iOS-take-home-testTests.xctest */,
				445B5E4328B7AE4400C394C9 /* fetch-iOS-take-home-testUITests.xctest */,
			);
			name = Products;
			sourceTree = "<group>";
		};
		445B5E2528B7AE4300C394C9 /* fetch-iOS-take-home-test */ = {
			isa = PBXGroup;
			children = (
				445B5E2628B7AE4300C394C9 /* AppDelegate.swift */,
				445B5E2828B7AE4300C394C9 /* SceneDelegate.swift */,
				445B5E2A28B7AE4300C394C9 /* ViewController.swift */,
				445B5E2C28B7AE4300C394C9 /* Main.storyboard */,
				445B5E2F28B7AE4400C394C9 /* Assets.xcassets */,
				445B5E3128B7AE4400C394C9 /* LaunchScreen.storyboard */,
				445B5E3428B7AE4400C394C9 /* Info.plist */,
			);
			path = "fetch-iOS-take-home-test";
			sourceTree = "<group>";
		};
		445B5E3C28B7AE4400C394C9 /* fetch-iOS-take-home-testTests */ = {
			isa = PBXGroup;
			children = (
				445B5E3D28B7AE4400C394C9 /* fetch_iOS_take_home_testTests.swift */,
			);
			path = "fetch-iOS-take-home-testTests";
			sourceTree = "<group>";
		};
		445B5E4628B7AE4400C394C9 /* fetch-iOS-take-home-testUITests */ = {
			isa = PBXGroup;
			children = (
				445B5E4728B7AE4400C394C9 /* fetch_iOS_take_home_testUITests.swift */,
				445B5E4928B7AE4400C394C9 /* fetch_iOS_take_home_testUITestsLaunchTests.swift */,
			);
			path = "fetch-iOS-take-home-testUITests";
			sourceTree = "<group>";
		};
/* End PBXGroup section */

/* Begin PBXNativeTarget section */
		445B5E2228B7AE4300C394C9 /* fetch-iOS-take-home-test */ = {
			isa = PBXNativeTarget;
			buildConfigurationList = 445B5E4D28B7AE4400C394C9 /* Build configuration list for PBXNativeTarget "fetch-iOS-take-home-test" */;
			buildPhases = (
				445B5E1F28B7AE4300C394C9 /* Sources */,
				445B5E2028B7AE4300C394C9 /* Frameworks */,
				445B5E2128B7AE4300C394C9 /* Resources */,
			);
			buildRules = (
			);
			dependencies = (
			);
			name = "fetch-iOS-take-home-test";
			productName = "fetch-iOS-take-home-test";
			productReference = 445B5E2328B7AE4300C394C9 /* fetch-iOS-take-home-test.app */;
			productType = "com.apple.product-type.application";
		};
		445B5E3828B7AE4400C394C9 /* fetch-iOS-take-home-testTests */ = {
			isa = PBXNativeTarget;
			buildConfigurationList = 445B5E5028B7AE4400C394C9 /* Build configuration list for PBXNativeTarget "fetch-iOS-take-home-testTests" */;
			buildPhases = (
				445B5E3528B7AE4400C394C9 /* Sources */,
				445B5E3628B7AE4400C394C9 /* Frameworks */,
				445B5E3728B7AE4400C394C9 /* Resources */,
			);
			buildRules = (
			);
			dependencies = (
				445B5E3B28B7AE4400C394C9 /* PBXTargetDependency */,
			);
			name = "fetch-iOS-take-home-testTests";
			productName = "fetch-iOS-take-home-testTests";
			productReference = 445B5E3928B7AE4400C394C9 /* fetch-iOS-take-home-testTests.xctest */;
			productType = "com.apple.product-type.bundle.unit-test";
		};
		445B5E4228B7AE4400C394C9 /* fetch-iOS-take-home-testUITests */ = {
			isa = PBXNativeTarget;
			buildConfigurationList = 445B5E5328B7AE4400C394C9 /* Build configuration list for PBXNativeTarget "fetch-iOS-take-home-testUITests" */;
			buildPhases = (
				445B5E3F28B7AE4400C394C9 /* Sources */,
				445B5E4028B7AE4400C394C9 /* Frameworks */,
				445B5E4128B7AE4400C394C9 /* Resources */,
			);
			buildRules = (
			);
			dependencies = (
				445B5E4528B7AE4400C394C9 /* PBXTargetDependency */,
			);
			name = "fetch-iOS-take-home-testUITests";
			productName = "fetch-iOS-take-home-testUITests";
			productReference = 445B5E4328B7AE4400C394C9 /* fetch-iOS-take-home-testUITests.xctest */;
			productType = "com.apple.product-type.bundle.ui-testing";
		};
/* End PBXNativeTarget section */

/* Begin PBXProject section */
		445B5E1B28B7AE4300C394C9 /* Project object */ = {
			isa = PBXProject;
			attributes = {
				BuildIndependentTargetsInParallel = 1;
				LastSwiftUpdateCheck = 1340;
				LastUpgradeCheck = 1340;
				TargetAttributes = {
					445B5E2228B7AE4300C394C9 = {
						CreatedOnToolsVersion = 13.4.1;
					};
					445B5E3828B7AE4400C394C9 = {
						CreatedOnToolsVersion = 13.4.1;
						TestTargetID = 445B5E2228B7AE4300C394C9;
					};
					445B5E4228B7AE4400C394C9 = {
						CreatedOnToolsVersion = 13.4.1;
						TestTargetID = 445B5E2228B7AE4300C394C9;
					};
				};
			};
			buildConfigurationList = 445B5E1E28B7AE4300C394C9 /* Build configuration list for PBXProject "fetch-iOS-take-home-test" */;
			compatibilityVersion = "Xcode 13.0";
			developmentRegion = en;
			hasScannedForEncodings = 0;
			knownRegions = (
				en,
				Base,
			);
			mainGroup = 445B5E1A28B7AE4300C394C9;
			productRefGroup = 445B5E2428B7AE4300C394C9 /* Products */;
			projectDirPath = "";
			projectRoot = "";
			targets = (
				445B5E2228B7AE4300C394C9 /* fetch-iOS-take-home-test */,
				445B5E3828B7AE4400C394C9 /* fetch-iOS-take-home-testTests */,
				445B5E4228B7AE4400C394C9 /* fetch-iOS-take-home-testUITests */,
			);
		};
/* End PBXProject section */

/* Begin PBXResourcesBuildPhase section */
		445B5E2128B7AE4300C394C9 /* Resources */ = {
			isa = PBXResourcesBuildPhase;
			buildActionMask = 2147483647;
			files = (
				445B5E3328B7AE4400C394C9 /* LaunchScreen.storyboard in Resources */,
				445B5E3028B7AE4400C394C9 /* Assets.xcassets in Resources */,
				445B5E2E28B7AE4300C394C9 /* Main.storyboard in Resources */,
			);
			runOnlyForDeploymentPostprocessing = 0;
		};
		445B5E3728B7AE4400C394C9 /* Resources */ = {
			isa = PBXResourcesBuildPhase;
			buildActionMask = 2147483647;
			files = (
			);
			runOnlyForDeploymentPostprocessing = 0;
		};
		445B5E4128B7AE4400C394C9 /* Resources */ = {
			isa = PBXResourcesBuildPhase;
			buildActionMask = 2147483647;
			files = (
			);
			runOnlyForDeploymentPostprocessing = 0;
		};
/* End PBXResourcesBuildPhase section */

/* Begin PBXSourcesBuildPhase section */
		445B5E1F28B7AE4300C394C9 /* Sources */ = {
			isa = PBXSourcesBuildPhase;
			buildActionMask = 2147483647;
			files = (
				445B5E2B28B7AE4300C394C9 /* ViewController.swift in Sources */,
				445B5E2728B7AE4300C394C9 /* AppDelegate.swift in Sources */,
				445B5E2928B7AE4300C394C9 /* SceneDelegate.swift in Sources */,
			);
			runOnlyForDeploymentPostprocessing = 0;
		};
		445B5E3528B7AE4400C394C9 /* Sources */ = {
			isa = PBXSourcesBuildPhase;
			buildActionMask = 2147483647;
			files = (
				445B5E3E28B7AE4400C394C9 /* fetch_iOS_take_home_testTests.swift in Sources */,
			);
			runOnlyForDeploymentPostprocessing = 0;
		};
		445B5E3F28B7AE4400C394C9 /* Sources */ = {
			isa = PBXSourcesBuildPhase;
			buildActionMask = 2147483647;
			files = (
				445B5E4828B7AE4400C394C9 /* fetch_iOS_take_home_testUITests.swift in Sources */,
				445B5E4A28B7AE4400C394C9 /* fetch_iOS_take_home_testUITestsLaunchTests.swift in Sources */,
			);
			runOnlyForDeploymentPostprocessing = 0;
		};
/* End PBXSourcesBuildPhase section */

/* Begin PBXTargetDependency section */
		445B5E3B28B7AE4400C394C9 /* PBXTargetDependency */ = {
			isa = PBXTargetDependency;
			target = 445B5E2228B7AE4300C394C9 /* fetch-iOS-take-home-test */;
			targetProxy = 445B5E3A28B7AE4400C394C9 /* PBXContainerItemProxy */;
		};
		445B5E4528B7AE4400C394C9 /* PBXTargetDependency */ = {
			isa = PBXTargetDependency;
			target = 445B5E2228B7AE4300C394C9 /* fetch-iOS-take-home-test */;
			targetProxy = 445B5E4428B7AE4400C394C9 /* PBXContainerItemProxy */;
		};
/* End PBXTargetDependency section */

/* Begin PBXVariantGroup section */
		445B5E2C28B7AE4300C394C9 /* Main.storyboard */ = {
			isa = PBXVariantGroup;
			children = (
				445B5E2D28B7AE4300C394C9 /* Base */,
			);
			name = Main.storyboard;
			sourceTree = "<group>";
		};
		445B5E3128B7AE4400C394C9 /* LaunchScreen.storyboard */ = {
			isa = PBXVariantGroup;
			children = (
				445B5E3228B7AE4400C394C9 /* Base */,
			);
			name = LaunchScreen.storyboard;
			sourceTree = "<group>";
		};
/* End PBXVariantGroup section */

/* Begin XCBuildConfiguration section */
		445B5E4B28B7AE4400C394C9 /* Debug */ = {
			isa = XCBuildConfiguration;
			buildSettings = {
				ALWAYS_SEARCH_USER_PATHS = NO;
				CLANG_ANALYZER_NONNULL = YES;
				CLANG_ANALYZER_NUMBER_OBJECT_CONVERSION = YES_AGGRESSIVE;
				CLANG_CXX_LANGUAGE_STANDARD = "gnu++17";
				CLANG_ENABLE_MODULES = YES;
				CLANG_ENABLE_OBJC_ARC = YES;
				CLANG_ENABLE_OBJC_WEAK = YES;
				CLANG_WARN_BLOCK_CAPTURE_AUTORELEASING = YES;
				CLANG_WARN_BOOL_CONVERSION = YES;
				CLANG_WARN_COMMA = YES;
				CLANG_WARN_CONSTANT_CONVERSION = YES;
				CLANG_WARN_DEPRECATED_OBJC_IMPLEMENTATIONS = YES;
				CLANG_WARN_DIRECT_OBJC_ISA_USAGE = YES_ERROR;
				CLANG_WARN_DOCUMENTATION_COMMENTS = YES;
				CLANG_WARN_EMPTY_BODY = YES;
				CLANG_WARN_ENUM_CONVERSION = YES;
				CLANG_WARN_INFINITE_RECURSION = YES;
				CLANG_WARN_INT_CONVERSION = YES;
				CLANG_WARN_NON_LITERAL_NULL_CONVERSION = YES;
				CLANG_WARN_OBJC_IMPLICIT_RETAIN_SELF = YES;
				CLANG_WARN_OBJC_LITERAL_CONVERSION = YES;
				CLANG_WARN_OBJC_ROOT_CLASS = YES_ERROR;
				CLANG_WARN_QUOTED_INCLUDE_IN_FRAMEWORK_HEADER = YES;
				CLANG_WARN_RANGE_LOOP_ANALYSIS = YES;
				CLANG_WARN_STRICT_PROTOTYPES = YES;
				CLANG_WARN_SUSPICIOUS_MOVE = YES;
				CLANG_WARN_UNGUARDED_AVAILABILITY = YES_AGGRESSIVE;
				CLANG_WARN_UNREACHABLE_CODE = YES;
				CLANG_WARN__DUPLICATE_METHOD_MATCH = YES;
				COPY_PHASE_STRIP = NO;
				DEBUG_INFORMATION_FORMAT = dwarf;
				ENABLE_STRICT_OBJC_MSGSEND = YES;
				ENABLE_TESTABILITY = YES;
				GCC_C_LANGUAGE_STANDARD = gnu11;
				GCC_DYNAMIC_NO_PIC = NO;
				GCC_NO_COMMON_BLOCKS = YES;
				GCC_OPTIMIZATION_LEVEL = 0;
				GCC_PREPROCESSOR_DEFINITIONS = (
					"DEBUG=1",
					"$(inherited)",
				);
				GCC_WARN_64_TO_32_BIT_CONVERSION = YES;
				GCC_WARN_ABOUT_RETURN_TYPE = YES_ERROR;
				GCC_WARN_UNDECLARED_SELECTOR = YES;
				GCC_WARN_UNINITIALIZED_AUTOS = YES_AGGRESSIVE;
				GCC_WARN_UNUSED_FUNCTION = YES;
				GCC_WARN_UNUSED_VARIABLE = YES;
				IPHONEOS_DEPLOYMENT_TARGET = 15.5;
				MTL_ENABLE_DEBUG_INFO = INCLUDE_SOURCE;
				MTL_FAST_MATH = YES;
				ONLY_ACTIVE_ARCH = YES;
				SDKROOT = iphoneos;
				SWIFT_ACTIVE_COMPILATION_CONDITIONS = DEBUG;
				SWIFT_OPTIMIZATION_LEVEL = "-Onone";
			};
			name = Debug;
		};
		445B5E4C28B7AE4400C394C9 /* Release */ = {
			isa = XCBuildConfiguration;
			buildSettings = {
				ALWAYS_SEARCH_USER_PATHS = NO;
				CLANG_ANALYZER_NONNULL = YES;
				CLANG_ANALYZER_NUMBER_OBJECT_CONVERSION = YES_AGGRESSIVE;
				CLANG_CXX_LANGUAGE_STANDARD = "gnu++17";
				CLANG_ENABLE_MODULES = YES;
				CLANG_ENABLE_OBJC_ARC = YES;
				CLANG_ENABLE_OBJC_WEAK = YES;
				CLANG_WARN_BLOCK_CAPTURE_AUTORELEASING = YES;
				CLANG_WARN_BOOL_CONVERSION = YES;
				CLANG_WARN_COMMA = YES;
				CLANG_WARN_CONSTANT_CONVERSION = YES;
				CLANG_WARN_DEPRECATED_OBJC_IMPLEMENTATIONS = YES;
				CLANG_WARN_DIRECT_OBJC_ISA_USAGE = YES_ERROR;
				CLANG_WARN_DOCUMENTATION_COMMENTS = YES;
				CLANG_WARN_EMPTY_BODY = YES;
				CLANG_WARN_ENUM_CONVERSION = YES;
				CLANG_WARN_INFINITE_RECURSION = YES;
				CLANG_WARN_INT_CONVERSION = YES;
				CLANG_WARN_NON_LITERAL_NULL_CONVERSION = YES;
				CLANG_WARN_OBJC_IMPLICIT_RETAIN_SELF = YES;
				CLANG_WARN_OBJC_LITERAL_CONVERSION = YES;
				CLANG_WARN_OBJC_ROOT_CLASS = YES_ERROR;
				CLANG_WARN_QUOTED_INCLUDE_IN_FRAMEWORK_HEADER = YES;
				CLANG_WARN_RANGE_LOOP_ANALYSIS = YES;
				CLANG_WARN_STRICT_PROTOTYPES = YES;
				CLANG_WARN_SUSPICIOUS_MOVE = YES;
				CLANG_WARN_UNGUARDED_AVAILABILITY = YES_AGGRESSIVE;
				CLANG_WARN_UNREACHABLE_CODE = YES;
				CLANG_WARN__DUPLICATE_METHOD_MATCH = YES;
				COPY_PHASE_STRIP = NO;
				DEBUG_INFORMATION_FORMAT = "dwarf-with-dsym";
				ENABLE_NS_ASSERTIONS = NO;
				ENABLE_STRICT_OBJC_MSGSEND = YES;
				GCC_C_LANGUAGE_STANDARD = gnu11;
				GCC_NO_COMMON_BLOCKS = YES;
				GCC_WARN_64_TO_32_BIT_CONVERSION = YES;
				GCC_WARN_ABOUT_RETURN_TYPE = YES_ERROR;
				GCC_WARN_UNDECLARED_SELECTOR = YES;
				GCC_WARN_UNINITIALIZED_AUTOS = YES_AGGRESSIVE;
				GCC_WARN_UNUSED_FUNCTION = YES;
				GCC_WARN_UNUSED_VARIABLE = YES;
				IPHONEOS_DEPLOYMENT_TARGET = 15.5;
				MTL_ENABLE_DEBUG_INFO = NO;
				MTL_FAST_MATH = YES;
				SDKROOT = iphoneos;
				SWIFT_COMPILATION_MODE = wholemodule;
				SWIFT_OPTIMIZATION_LEVEL = "-O";
				VALIDATE_PRODUCT = YES;
			};
			name = Release;
		};
		445B5E4E28B7AE4400C394C9 /* Debug */ = {
			isa = XCBuildConfiguration;
			buildSettings = {
				ASSETCATALOG_COMPILER_APPICON_NAME = AppIcon;
				ASSETCATALOG_COMPILER_GLOBAL_ACCENT_COLOR_NAME = AccentColor;
				CODE_SIGN_STYLE = Automatic;
				CURRENT_PROJECT_VERSION = 1;
				DEVELOPMENT_TEAM = L2XYCUBFQ3;
				GENERATE_INFOPLIST_FILE = YES;
				INFOPLIST_FILE = "fetch-iOS-take-home-test/Info.plist";
				INFOPLIST_KEY_UIApplicationSupportsIndirectInputEvents = YES;
				INFOPLIST_KEY_UILaunchStoryboardName = LaunchScreen;
				INFOPLIST_KEY_UIMainStoryboardFile = Main;
				INFOPLIST_KEY_UISupportedInterfaceOrientations_iPad = "UIInterfaceOrientationPortrait UIInterfaceOrientationPortraitUpsideDown UIInterfaceOrientationLandscapeLeft UIInterfaceOrientationLandscapeRight";
				INFOPLIST_KEY_UISupportedInterfaceOrientations_iPhone = "UIInterfaceOrientationPortrait UIInterfaceOrientationLandscapeLeft UIInterfaceOrientationLandscapeRight";
				LD_RUNPATH_SEARCH_PATHS = (
					"$(inherited)",
					"@executable_path/Frameworks",
				);
				MARKETING_VERSION = 1.0;
				PRODUCT_BUNDLE_IDENTIFIER = "com.VeeralSuthar.fetch-iOS-take-home-test";
				PRODUCT_NAME = "$(TARGET_NAME)";
				SWIFT_EMIT_LOC_STRINGS = YES;
				SWIFT_VERSION = 5.0;
				TARGETED_DEVICE_FAMILY = "1,2";
			};
			name = Debug;
		};
		445B5E4F28B7AE4400C394C9 /* Release */ = {
			isa = XCBuildConfiguration;
			buildSettings = {
				ASSETCATALOG_COMPILER_APPICON_NAME = AppIcon;
				ASSETCATALOG_COMPILER_GLOBAL_ACCENT_COLOR_NAME = AccentColor;
				CODE_SIGN_STYLE = Automatic;
				CURRENT_PROJECT_VERSION = 1;
				DEVELOPMENT_TEAM = L2XYCUBFQ3;
				GENERATE_INFOPLIST_FILE = YES;
				INFOPLIST_FILE = "fetch-iOS-take-home-test/Info.plist";
				INFOPLIST_KEY_UIApplicationSupportsIndirectInputEvents = YES;
				INFOPLIST_KEY_UILaunchStoryboardName = LaunchScreen;
				INFOPLIST_KEY_UIMainStoryboardFile = Main;
				INFOPLIST_KEY_UISupportedInterfaceOrientations_iPad = "UIInterfaceOrientationPortrait UIInterfaceOrientationPortraitUpsideDown UIInterfaceOrientationLandscapeLeft UIInterfaceOrientationLandscapeRight";
				INFOPLIST_KEY_UISupportedInterfaceOrientations_iPhone = "UIInterfaceOrientationPortrait UIInterfaceOrientationLandscapeLeft UIInterfaceOrientationLandscapeRight";
				LD_RUNPATH_SEARCH_PATHS = (
					"$(inherited)",
					"@executable_path/Frameworks",
				);
				MARKETING_VERSION = 1.0;
				PRODUCT_BUNDLE_IDENTIFIER = "com.VeeralSuthar.fetch-iOS-take-home-test";
				PRODUCT_NAME = "$(TARGET_NAME)";
				SWIFT_EMIT_LOC_STRINGS = YES;
				SWIFT_VERSION = 5.0;
				TARGETED_DEVICE_FAMILY = "1,2";
			};
			name = Release;
		};
		445B5E5128B7AE4400C394C9 /* Debug */ = {
			isa = XCBuildConfiguration;
			buildSettings = {
				ALWAYS_EMBED_SWIFT_STANDARD_LIBRARIES = YES;
				BUNDLE_LOADER = "$(TEST_HOST)";
				CODE_SIGN_STYLE = Automatic;
				CURRENT_PROJECT_VERSION = 1;
				DEVELOPMENT_TEAM = L2XYCUBFQ3;
				GENERATE_INFOPLIST_FILE = YES;
				IPHONEOS_DEPLOYMENT_TARGET = 15.5;
				MARKETING_VERSION = 1.0;
				PRODUCT_BUNDLE_IDENTIFIER = "com.VeeralSuthar.fetch-iOS-take-home-testTests";
				PRODUCT_NAME = "$(TARGET_NAME)";
				SWIFT_EMIT_LOC_STRINGS = NO;
				SWIFT_VERSION = 5.0;
				TARGETED_DEVICE_FAMILY = "1,2";
				TEST_HOST = "$(BUILT_PRODUCTS_DIR)/fetch-iOS-take-home-test.app/fetch-iOS-take-home-test";
			};
			name = Debug;
		};
		445B5E5228B7AE4400C394C9 /* Release */ = {
			isa = XCBuildConfiguration;
			buildSettings = {
				ALWAYS_EMBED_SWIFT_STANDARD_LIBRARIES = YES;
				BUNDLE_LOADER = "$(TEST_HOST)";
				CODE_SIGN_STYLE = Automatic;
				CURRENT_PROJECT_VERSION = 1;
				DEVELOPMENT_TEAM = L2XYCUBFQ3;
				GENERATE_INFOPLIST_FILE = YES;
				IPHONEOS_DEPLOYMENT_TARGET = 15.5;
				MARKETING_VERSION = 1.0;
				PRODUCT_BUNDLE_IDENTIFIER = "com.VeeralSuthar.fetch-iOS-take-home-testTests";
				PRODUCT_NAME = "$(TARGET_NAME)";
				SWIFT_EMIT_LOC_STRINGS = NO;
				SWIFT_VERSION = 5.0;
				TARGETED_DEVICE_FAMILY = "1,2";
				TEST_HOST = "$(BUILT_PRODUCTS_DIR)/fetch-iOS-take-home-test.app/fetch-iOS-take-home-test";
			};
			name = Release;
		};
		445B5E5428B7AE4400C394C9 /* Debug */ = {
			isa = XCBuildConfiguration;
			buildSettings = {
				ALWAYS_EMBED_SWIFT_STANDARD_LIBRARIES = YES;
				CODE_SIGN_STYLE = Automatic;
				CURRENT_PROJECT_VERSION = 1;
				DEVELOPMENT_TEAM = L2XYCUBFQ3;
				GENERATE_INFOPLIST_FILE = YES;
				MARKETING_VERSION = 1.0;
				PRODUCT_BUNDLE_IDENTIFIER = "com.VeeralSuthar.fetch-iOS-take-home-testUITests";
				PRODUCT_NAME = "$(TARGET_NAME)";
				SWIFT_EMIT_LOC_STRINGS = NO;
				SWIFT_VERSION = 5.0;
				TARGETED_DEVICE_FAMILY = "1,2";
				TEST_TARGET_NAME = "fetch-iOS-take-home-test";
			};
			name = Debug;
		};
		445B5E5528B7AE4400C394C9 /* Release */ = {
			isa = XCBuildConfiguration;
			buildSettings = {
				ALWAYS_EMBED_SWIFT_STANDARD_LIBRARIES = YES;
				CODE_SIGN_STYLE = Automatic;
				CURRENT_PROJECT_VERSION = 1;
				DEVELOPMENT_TEAM = L2XYCUBFQ3;
				GENERATE_INFOPLIST_FILE = YES;
				MARKETING_VERSION = 1.0;
				PRODUCT_BUNDLE_IDENTIFIER = "com.VeeralSuthar.fetch-iOS-take-home-testUITests";
				PRODUCT_NAME = "$(TARGET_NAME)";
				SWIFT_EMIT_LOC_STRINGS = NO;
				SWIFT_VERSION = 5.0;
				TARGETED_DEVICE_FAMILY = "1,2";
				TEST_TARGET_NAME = "fetch-iOS-take-home-test";
			};
			name = Release;
		};
/* End XCBuildConfiguration section */

/* Begin XCConfigurationList section */
		445B5E1E28B7AE4300C394C9 /* Build configuration list for PBXProject "fetch-iOS-take-home-test" */ = {
			isa = XCConfigurationList;
			buildConfigurations = (
				445B5E4B28B7AE4400C394C9 /* Debug */,
				445B5E4C28B7AE4400C394C9 /* Release */,
			);
			defaultConfigurationIsVisible = 0;
			defaultConfigurationName = Release;
		};
		445B5E4D28B7AE4400C394C9 /* Build configuration list for PBXNativeTarget "fetch-iOS-take-home-test" */ = {
			isa = XCConfigurationList;
			buildConfigurations = (
				445B5E4E28B7AE4400C394C9 /* Debug */,
				445B5E4F28B7AE4400C394C9 /* Release */,
			);
			defaultConfigurationIsVisible = 0;
			defaultConfigurationName = Release;
		};
		445B5E5028B7AE4400C394C9 /* Build configuration list for PBXNativeTarget "fetch-iOS-take-home-testTests" */ = {
			isa = XCConfigurationList;
			buildConfigurations = (
				445B5E5128B7AE4400C394C9 /* Debug */,
				445B5E5228B7AE4400C394C9 /* Release */,
			);
			defaultConfigurationIsVisible = 0;
			defaultConfigurationName = Release;
		};
		445B5E5328B7AE4400C394C9 /* Build configuration list for PBXNativeTarget "fetch-iOS-take-home-testUITests" */ = {
			isa = XCConfigurationList;
			buildConfigurations = (
				445B5E5428B7AE4400C394C9 /* Debug */,
				445B5E5528B7AE4400C394C9 /* Release */,
			);
			defaultConfigurationIsVisible = 0;
			defaultConfigurationName = Release;
		};
/* End XCConfigurationList section */
	};
	rootObject = 445B5E1B28B7AE4300C394C9 /* Project object */;
}
